// !$*UTF8*$!
{
	archiveVersion = 1;
	classes = {
	};
	objectVersion = 55;
	objects = {

/* Begin PBXBuildFile section */
		048BF562286BB4A2007EB9A3 /* AppDelegate.swift in Sources */ = {isa = PBXBuildFile; fileRef = 048BF561286BB4A2007EB9A3 /* AppDelegate.swift */; };
		048BF564286BB4A2007EB9A3 /* SceneDelegate.swift in Sources */ = {isa = PBXBuildFile; fileRef = 048BF563286BB4A2007EB9A3 /* SceneDelegate.swift */; };
		048BF569286BB4A2007EB9A3 /* Main.storyboard in Resources */ = {isa = PBXBuildFile; fileRef = 048BF567286BB4A2007EB9A3 /* Main.storyboard */; };
		048BF56B286BB4A4007EB9A3 /* Assets.xcassets in Resources */ = {isa = PBXBuildFile; fileRef = 048BF56A286BB4A4007EB9A3 /* Assets.xcassets */; };
		048BF56E286BB4A4007EB9A3 /* LaunchScreen.storyboard in Resources */ = {isa = PBXBuildFile; fileRef = 048BF56C286BB4A4007EB9A3 /* LaunchScreen.storyboard */; };
		048BF578286C3A3E007EB9A3 /* OrientationExtension.swift in Sources */ = {isa = PBXBuildFile; fileRef = 048BF577286C3A3E007EB9A3 /* OrientationExtension.swift */; };
		048BF57A286C3AAA007EB9A3 /* WelcomeViewController.swift in Sources */ = {isa = PBXBuildFile; fileRef = 048BF579286C3AAA007EB9A3 /* WelcomeViewController.swift */; };
		04BFC778286D9E03007DAA19 /* ButtonsViewController.swift in Sources */ = {isa = PBXBuildFile; fileRef = 04BFC777286D9E03007DAA19 /* ButtonsViewController.swift */; };
		04BFC7FE2871EE9E007DAA19 /* Flower.swift in Sources */ = {isa = PBXBuildFile; fileRef = 04BFC7FD2871EE9E007DAA19 /* Flower.swift */; };
		04BFC8002871EECE007DAA19 /* FlowerSearcher.swift in Sources */ = {isa = PBXBuildFile; fileRef = 04BFC7FF2871EECE007DAA19 /* FlowerSearcher.swift */; };
		04BFC8072871FA12007DAA19 /* ImageRecognitionViewController.swift in Sources */ = {isa = PBXBuildFile; fileRef = 04BFC8052871FA12007DAA19 /* ImageRecognitionViewController.swift */; };
		04BFC8082871FA12007DAA19 /* ImageRecognitionViewController.xib in Resources */ = {isa = PBXBuildFile; fileRef = 04BFC8062871FA12007DAA19 /* ImageRecognitionViewController.xib */; };
		04BFC80A2871FCEE007DAA19 /* Predictor.swift in Sources */ = {isa = PBXBuildFile; fileRef = 04BFC8092871FCEE007DAA19 /* Predictor.swift */; };
		04BFC80E2872009E007DAA19 /* MyPlantsClassifier.mlmodel in Sources */ = {isa = PBXBuildFile; fileRef = 04BFC80D2872009E007DAA19 /* MyPlantsClassifier.mlmodel */; };
/* End PBXBuildFile section */

/* Begin PBXFileReference section */
		048BF55E286BB4A2007EB9A3 /* ML_AR_FlowerRecognizer.app */ = {isa = PBXFileReference; explicitFileType = wrapper.application; includeInIndex = 0; path = ML_AR_FlowerRecognizer.app; sourceTree = BUILT_PRODUCTS_DIR; };
		048BF561286BB4A2007EB9A3 /* AppDelegate.swift */ = {isa = PBXFileReference; lastKnownFileType = sourcecode.swift; path = AppDelegate.swift; sourceTree = "<group>"; };
		048BF563286BB4A2007EB9A3 /* SceneDelegate.swift */ = {isa = PBXFileReference; lastKnownFileType = sourcecode.swift; path = SceneDelegate.swift; sourceTree = "<group>"; };
		048BF568286BB4A2007EB9A3 /* Base */ = {isa = PBXFileReference; lastKnownFileType = file.storyboard; name = Base; path = Base.lproj/Main.storyboard; sourceTree = "<group>"; };
		048BF56A286BB4A4007EB9A3 /* Assets.xcassets */ = {isa = PBXFileReference; lastKnownFileType = folder.assetcatalog; path = Assets.xcassets; sourceTree = "<group>"; };
		048BF56D286BB4A4007EB9A3 /* Base */ = {isa = PBXFileReference; lastKnownFileType = file.storyboard; name = Base; path = Base.lproj/LaunchScreen.storyboard; sourceTree = "<group>"; };
		048BF56F286BB4A4007EB9A3 /* Info.plist */ = {isa = PBXFileReference; lastKnownFileType = text.plist.xml; path = Info.plist; sourceTree = "<group>"; };
		048BF577286C3A3E007EB9A3 /* OrientationExtension.swift */ = {isa = PBXFileReference; lastKnownFileType = sourcecode.swift; path = OrientationExtension.swift; sourceTree = "<group>"; };
		048BF579286C3AAA007EB9A3 /* WelcomeViewController.swift */ = {isa = PBXFileReference; lastKnownFileType = sourcecode.swift; path = WelcomeViewController.swift; sourceTree = "<group>"; };
		04BFC777286D9E03007DAA19 /* ButtonsViewController.swift */ = {isa = PBXFileReference; lastKnownFileType = sourcecode.swift; path = ButtonsViewController.swift; sourceTree = "<group>"; };
		04BFC7FD2871EE9E007DAA19 /* Flower.swift */ = {isa = PBXFileReference; lastKnownFileType = sourcecode.swift; path = Flower.swift; sourceTree = "<group>"; };
		04BFC7FF2871EECE007DAA19 /* FlowerSearcher.swift */ = {isa = PBXFileReference; lastKnownFileType = sourcecode.swift; path = FlowerSearcher.swift; sourceTree = "<group>"; };
		04BFC8052871FA12007DAA19 /* ImageRecognitionViewController.swift */ = {isa = PBXFileReference; lastKnownFileType = sourcecode.swift; path = ImageRecognitionViewController.swift; sourceTree = "<group>"; };
		04BFC8062871FA12007DAA19 /* ImageRecognitionViewController.xib */ = {isa = PBXFileReference; lastKnownFileType = file.xib; path = ImageRecognitionViewController.xib; sourceTree = "<group>"; };
		04BFC8092871FCEE007DAA19 /* Predictor.swift */ = {isa = PBXFileReference; fileEncoding = 4; lastKnownFileType = sourcecode.swift; path = Predictor.swift; sourceTree = "<group>"; };
		04BFC80D2872009E007DAA19 /* MyPlantsClassifier.mlmodel */ = {isa = PBXFileReference; lastKnownFileType = file.mlmodel; path = MyPlantsClassifier.mlmodel; sourceTree = "<group>"; };
/* End PBXFileReference section */

/* Begin PBXFrameworksBuildPhase section */
		048BF55B286BB4A2007EB9A3 /* Frameworks */ = {
			isa = PBXFrameworksBuildPhase;
			buildActionMask = 2147483647;
			files = (
			);
			runOnlyForDeploymentPostprocessing = 0;
		};
/* End PBXFrameworksBuildPhase section */

/* Begin PBXGroup section */
		048BF555286BB4A2007EB9A3 = {
			isa = PBXGroup;
			children = (
				048BF560286BB4A2007EB9A3 /* ML_AR_FlowerRecognizer */,
				048BF55F286BB4A2007EB9A3 /* Products */,
			);
			sourceTree = "<group>";
		};
		048BF55F286BB4A2007EB9A3 /* Products */ = {
			isa = PBXGroup;
			children = (
				048BF55E286BB4A2007EB9A3 /* ML_AR_FlowerRecognizer.app */,
			);
			name = Products;
			sourceTree = "<group>";
		};
		048BF560286BB4A2007EB9A3 /* ML_AR_FlowerRecognizer */ = {
			isa = PBXGroup;
			children = (
				04BFC7FC2871EE88007DAA19 /* Utils */,
				04BFC7FB2871EE6E007DAA19 /* Model */,
				04BFC776286D9DE4007DAA19 /* ViewControllers */,
				048BF561286BB4A2007EB9A3 /* AppDelegate.swift */,
				048BF563286BB4A2007EB9A3 /* SceneDelegate.swift */,
				048BF567286BB4A2007EB9A3 /* Main.storyboard */,
				048BF56C286BB4A4007EB9A3 /* LaunchScreen.storyboard */,
				04BFC80D2872009E007DAA19 /* MyPlantsClassifier.mlmodel */,
				048BF56A286BB4A4007EB9A3 /* Assets.xcassets */,
				048BF56F286BB4A4007EB9A3 /* Info.plist */,
			);
			path = ML_AR_FlowerRecognizer;
			sourceTree = "<group>";
		};
		04BFC776286D9DE4007DAA19 /* ViewControllers */ = {
			isa = PBXGroup;
			children = (
				048BF579286C3AAA007EB9A3 /* WelcomeViewController.swift */,
				04BFC777286D9E03007DAA19 /* ButtonsViewController.swift */,
				04BFC8052871FA12007DAA19 /* ImageRecognitionViewController.swift */,
				04BFC8062871FA12007DAA19 /* ImageRecognitionViewController.xib */,
			);
			path = ViewControllers;
			sourceTree = "<group>";
		};
		04BFC7FB2871EE6E007DAA19 /* Model */ = {
			isa = PBXGroup;
			children = (
				04BFC7FD2871EE9E007DAA19 /* Flower.swift */,
				04BFC7FF2871EECE007DAA19 /* FlowerSearcher.swift */,
			);
			path = Model;
			sourceTree = "<group>";
		};
		04BFC7FC2871EE88007DAA19 /* Utils */ = {
			isa = PBXGroup;
			children = (
				04BFC8092871FCEE007DAA19 /* Predictor.swift */,
				048BF577286C3A3E007EB9A3 /* OrientationExtension.swift */,
			);
			path = Utils;
			sourceTree = "<group>";
		};
/* End PBXGroup section */

/* Begin PBXNativeTarget section */
		048BF55D286BB4A2007EB9A3 /* ML_AR_FlowerRecognizer */ = {
			isa = PBXNativeTarget;
			buildConfigurationList = 048BF572286BB4A4007EB9A3 /* Build configuration list for PBXNativeTarget "ML_AR_FlowerRecognizer" */;
			buildPhases = (
				048BF55A286BB4A2007EB9A3 /* Sources */,
				048BF55B286BB4A2007EB9A3 /* Frameworks */,
				048BF55C286BB4A2007EB9A3 /* Resources */,
			);
			buildRules = (
			);
			dependencies = (
			);
			name = ML_AR_FlowerRecognizer;
			productName = ML_AR_FlowerRecognizer;
			productReference = 048BF55E286BB4A2007EB9A3 /* ML_AR_FlowerRecognizer.app */;
			productType = "com.apple.product-type.application";
		};
/* End PBXNativeTarget section */

/* Begin PBXProject section */
		048BF556286BB4A2007EB9A3 /* Project object */ = {
			isa = PBXProject;
			attributes = {
				BuildIndependentTargetsInParallel = 1;
				LastSwiftUpdateCheck = 1340;
				LastUpgradeCheck = 1340;
				TargetAttributes = {
					048BF55D286BB4A2007EB9A3 = {
						CreatedOnToolsVersion = 13.4.1;
					};
				};
			};
			buildConfigurationList = 048BF559286BB4A2007EB9A3 /* Build configuration list for PBXProject "ML_AR_FlowerRecognizer" */;
			compatibilityVersion = "Xcode 13.0";
			developmentRegion = en;
			hasScannedForEncodings = 0;
			knownRegions = (
				en,
				Base,
			);
			mainGroup = 048BF555286BB4A2007EB9A3;
			productRefGroup = 048BF55F286BB4A2007EB9A3 /* Products */;
			projectDirPath = "";
			projectRoot = "";
			targets = (
				048BF55D286BB4A2007EB9A3 /* ML_AR_FlowerRecognizer */,
			);
		};
/* End PBXProject section */

/* Begin PBXResourcesBuildPhase section */
		048BF55C286BB4A2007EB9A3 /* Resources */ = {
			isa = PBXResourcesBuildPhase;
			buildActionMask = 2147483647;
			files = (
				048BF56E286BB4A4007EB9A3 /* LaunchScreen.storyboard in Resources */,
				048BF56B286BB4A4007EB9A3 /* Assets.xcassets in Resources */,
				04BFC8082871FA12007DAA19 /* ImageRecognitionViewController.xib in Resources */,
				048BF569286BB4A2007EB9A3 /* Main.storyboard in Resources */,
			);
			runOnlyForDeploymentPostprocessing = 0;
		};
/* End PBXResourcesBuildPhase section */

/* Begin PBXSourcesBuildPhase section */
		048BF55A286BB4A2007EB9A3 /* Sources */ = {
			isa = PBXSourcesBuildPhase;
			buildActionMask = 2147483647;
			files = (
				04BFC7FE2871EE9E007DAA19 /* Flower.swift in Sources */,
				04BFC8002871EECE007DAA19 /* FlowerSearcher.swift in Sources */,
				04BFC8072871FA12007DAA19 /* ImageRecognitionViewController.swift in Sources */,
				048BF562286BB4A2007EB9A3 /* AppDelegate.swift in Sources */,
				048BF578286C3A3E007EB9A3 /* OrientationExtension.swift in Sources */,
				048BF57A286C3AAA007EB9A3 /* WelcomeViewController.swift in Sources */,
				04BFC778286D9E03007DAA19 /* ButtonsViewController.swift in Sources */,
				04BFC80A2871FCEE007DAA19 /* Predictor.swift in Sources */,
				048BF564286BB4A2007EB9A3 /* SceneDelegate.swift in Sources */,
				04BFC80E2872009E007DAA19 /* MyPlantsClassifier.mlmodel in Sources */,
			);
			runOnlyForDeploymentPostprocessing = 0;
		};
/* End PBXSourcesBuildPhase section */

/* Begin PBXVariantGroup section */
		048BF567286BB4A2007EB9A3 /* Main.storyboard */ = {
			isa = PBXVariantGroup;
			children = (
				048BF568286BB4A2007EB9A3 /* Base */,
			);
			name = Main.storyboard;
			sourceTree = "<group>";
		};
		048BF56C286BB4A4007EB9A3 /* LaunchScreen.storyboard */ = {
			isa = PBXVariantGroup;
			children = (
				048BF56D286BB4A4007EB9A3 /* Base */,
			);
			name = LaunchScreen.storyboard;
			sourceTree = "<group>";
		};
/* End PBXVariantGroup section */

/* Begin XCBuildConfiguration section */
		048BF570286BB4A4007EB9A3 /* Debug */ = {
			isa = XCBuildConfiguration;
			buildSettings = {
				ALWAYS_SEARCH_USER_PATHS = NO;
				CLANG_ANALYZER_NONNULL = YES;
				CLANG_ANALYZER_NUMBER_OBJECT_CONVERSION = YES_AGGRESSIVE;
				CLANG_CXX_LANGUAGE_STANDARD = "gnu++17";
				CLANG_ENABLE_MODULES = YES;
				CLANG_ENABLE_OBJC_ARC = YES;
				CLANG_ENABLE_OBJC_WEAK = YES;
				CLANG_WARN_BLOCK_CAPTURE_AUTORELEASING = YES;
				CLANG_WARN_BOOL_CONVERSION = YES;
				CLANG_WARN_COMMA = YES;
				CLANG_WARN_CONSTANT_CONVERSION = YES;
				CLANG_WARN_DEPRECATED_OBJC_IMPLEMENTATIONS = YES;
				CLANG_WARN_DIRECT_OBJC_ISA_USAGE = YES_ERROR;
				CLANG_WARN_DOCUMENTATION_COMMENTS = YES;
				CLANG_WARN_EMPTY_BODY = YES;
				CLANG_WARN_ENUM_CONVERSION = YES;
				CLANG_WARN_INFINITE_RECURSION = YES;
				CLANG_WARN_INT_CONVERSION = YES;
				CLANG_WARN_NON_LITERAL_NULL_CONVERSION = YES;
				CLANG_WARN_OBJC_IMPLICIT_RETAIN_SELF = YES;
				CLANG_WARN_OBJC_LITERAL_CONVERSION = YES;
				CLANG_WARN_OBJC_ROOT_CLASS = YES_ERROR;
				CLANG_WARN_QUOTED_INCLUDE_IN_FRAMEWORK_HEADER = YES;
				CLANG_WARN_RANGE_LOOP_ANALYSIS = YES;
				CLANG_WARN_STRICT_PROTOTYPES = YES;
				CLANG_WARN_SUSPICIOUS_MOVE = YES;
				CLANG_WARN_UNGUARDED_AVAILABILITY = YES_AGGRESSIVE;
				CLANG_WARN_UNREACHABLE_CODE = YES;
				CLANG_WARN__DUPLICATE_METHOD_MATCH = YES;
				COPY_PHASE_STRIP = NO;
				DEBUG_INFORMATION_FORMAT = dwarf;
				ENABLE_STRICT_OBJC_MSGSEND = YES;
				ENABLE_TESTABILITY = YES;
				GCC_C_LANGUAGE_STANDARD = gnu11;
				GCC_DYNAMIC_NO_PIC = NO;
				GCC_NO_COMMON_BLOCKS = YES;
				GCC_OPTIMIZATION_LEVEL = 0;
				GCC_PREPROCESSOR_DEFINITIONS = (
					"DEBUG=1",
					"$(inherited)",
				);
				GCC_WARN_64_TO_32_BIT_CONVERSION = YES;
				GCC_WARN_ABOUT_RETURN_TYPE = YES_ERROR;
				GCC_WARN_UNDECLARED_SELECTOR = YES;
				GCC_WARN_UNINITIALIZED_AUTOS = YES_AGGRESSIVE;
				GCC_WARN_UNUSED_FUNCTION = YES;
				GCC_WARN_UNUSED_VARIABLE = YES;
				IPHONEOS_DEPLOYMENT_TARGET = 15.5;
				MTL_ENABLE_DEBUG_INFO = INCLUDE_SOURCE;
				MTL_FAST_MATH = YES;
				ONLY_ACTIVE_ARCH = YES;
				SDKROOT = iphoneos;
				SWIFT_ACTIVE_COMPILATION_CONDITIONS = DEBUG;
				SWIFT_OPTIMIZATION_LEVEL = "-Onone";
			};
			name = Debug;
		};
		048BF571286BB4A4007EB9A3 /* Release */ = {
			isa = XCBuildConfiguration;
			buildSettings = {
				ALWAYS_SEARCH_USER_PATHS = NO;
				CLANG_ANALYZER_NONNULL = YES;
				CLANG_ANALYZER_NUMBER_OBJECT_CONVERSION = YES_AGGRESSIVE;
				CLANG_CXX_LANGUAGE_STANDARD = "gnu++17";
				CLANG_ENABLE_MODULES = YES;
				CLANG_ENABLE_OBJC_ARC = YES;
				CLANG_ENABLE_OBJC_WEAK = YES;
				CLANG_WARN_BLOCK_CAPTURE_AUTORELEASING = YES;
				CLANG_WARN_BOOL_CONVERSION = YES;
				CLANG_WARN_COMMA = YES;
				CLANG_WARN_CONSTANT_CONVERSION = YES;
				CLANG_WARN_DEPRECATED_OBJC_IMPLEMENTATIONS = YES;
				CLANG_WARN_DIRECT_OBJC_ISA_USAGE = YES_ERROR;
				CLANG_WARN_DOCUMENTATION_COMMENTS = YES;
				CLANG_WARN_EMPTY_BODY = YES;
				CLANG_WARN_ENUM_CONVERSION = YES;
				CLANG_WARN_INFINITE_RECURSION = YES;
				CLANG_WARN_INT_CONVERSION = YES;
				CLANG_WARN_NON_LITERAL_NULL_CONVERSION = YES;
				CLANG_WARN_OBJC_IMPLICIT_RETAIN_SELF = YES;
				CLANG_WARN_OBJC_LITERAL_CONVERSION = YES;
				CLANG_WARN_OBJC_ROOT_CLASS = YES_ERROR;
				CLANG_WARN_QUOTED_INCLUDE_IN_FRAMEWORK_HEADER = YES;
				CLANG_WARN_RANGE_LOOP_ANALYSIS = YES;
				CLANG_WARN_STRICT_PROTOTYPES = YES;
				CLANG_WARN_SUSPICIOUS_MOVE = YES;
				CLANG_WARN_UNGUARDED_AVAILABILITY = YES_AGGRESSIVE;
				CLANG_WARN_UNREACHABLE_CODE = YES;
				CLANG_WARN__DUPLICATE_METHOD_MATCH = YES;
				COPY_PHASE_STRIP = NO;
				DEBUG_INFORMATION_FORMAT = "dwarf-with-dsym";
				ENABLE_NS_ASSERTIONS = NO;
				ENABLE_STRICT_OBJC_MSGSEND = YES;
				GCC_C_LANGUAGE_STANDARD = gnu11;
				GCC_NO_COMMON_BLOCKS = YES;
				GCC_WARN_64_TO_32_BIT_CONVERSION = YES;
				GCC_WARN_ABOUT_RETURN_TYPE = YES_ERROR;
				GCC_WARN_UNDECLARED_SELECTOR = YES;
				GCC_WARN_UNINITIALIZED_AUTOS = YES_AGGRESSIVE;
				GCC_WARN_UNUSED_FUNCTION = YES;
				GCC_WARN_UNUSED_VARIABLE = YES;
				IPHONEOS_DEPLOYMENT_TARGET = 15.5;
				MTL_ENABLE_DEBUG_INFO = NO;
				MTL_FAST_MATH = YES;
				SDKROOT = iphoneos;
				SWIFT_COMPILATION_MODE = wholemodule;
				SWIFT_OPTIMIZATION_LEVEL = "-O";
				VALIDATE_PRODUCT = YES;
			};
			name = Release;
		};
		048BF573286BB4A4007EB9A3 /* Debug */ = {
			isa = XCBuildConfiguration;
			buildSettings = {
				ASSETCATALOG_COMPILER_APPICON_NAME = AppIcon;
				ASSETCATALOG_COMPILER_GLOBAL_ACCENT_COLOR_NAME = AccentColor;
				CODE_SIGN_STYLE = Automatic;
				CURRENT_PROJECT_VERSION = 1;
				DEVELOPMENT_TEAM = VNU8KKW4GG;
				GENERATE_INFOPLIST_FILE = YES;
				INFOPLIST_FILE = ML_AR_FlowerRecognizer/Info.plist;
				INFOPLIST_KEY_UIApplicationSupportsIndirectInputEvents = YES;
				INFOPLIST_KEY_UILaunchStoryboardName = LaunchScreen;
				INFOPLIST_KEY_UIMainStoryboardFile = Main;
				INFOPLIST_KEY_UISupportedInterfaceOrientations = UIInterfaceOrientationPortrait;
				INFOPLIST_KEY_UISupportedInterfaceOrientations_iPad = "UIInterfaceOrientationPortrait UIInterfaceOrientationPortraitUpsideDown UIInterfaceOrientationLandscapeLeft UIInterfaceOrientationLandscapeRight";
				INFOPLIST_KEY_UISupportedInterfaceOrientations_iPhone = "UIInterfaceOrientationPortrait UIInterfaceOrientationLandscapeLeft UIInterfaceOrientationLandscapeRight";
				LD_RUNPATH_SEARCH_PATHS = (
					"$(inherited)",
					"@executable_path/Frameworks",
				);
				MARKETING_VERSION = 1.0;
				PRODUCT_BUNDLE_IDENTIFIER = "ua.edu.ukma.zubrytska.ML-AR-FlowerRecognizer";
				PRODUCT_NAME = "$(TARGET_NAME)";
				SWIFT_EMIT_LOC_STRINGS = YES;
				SWIFT_VERSION = 5.0;
				TARGETED_DEVICE_FAMILY = "1,2";
			};
			name = Debug;
		};
		048BF574286BB4A4007EB9A3 /* Release */ = {
			isa = XCBuildConfiguration;
			buildSettings = {
				ASSETCATALOG_COMPILER_APPICON_NAME = AppIcon;
				ASSETCATALOG_COMPILER_GLOBAL_ACCENT_COLOR_NAME = AccentColor;
				CODE_SIGN_STYLE = Automatic;
				CURRENT_PROJECT_VERSION = 1;
				DEVELOPMENT_TEAM = VNU8KKW4GG;
				GENERATE_INFOPLIST_FILE = YES;
				INFOPLIST_FILE = ML_AR_FlowerRecognizer/Info.plist;
				INFOPLIST_KEY_UIApplicationSupportsIndirectInputEvents = YES;
				INFOPLIST_KEY_UILaunchStoryboardName = LaunchScreen;
				INFOPLIST_KEY_UIMainStoryboardFile = Main;
				INFOPLIST_KEY_UISupportedInterfaceOrientations = UIInterfaceOrientationPortrait;
				INFOPLIST_KEY_UISupportedInterfaceOrientations_iPad = "UIInterfaceOrientationPortrait UIInterfaceOrientationPortraitUpsideDown UIInterfaceOrientationLandscapeLeft UIInterfaceOrientationLandscapeRight";
				INFOPLIST_KEY_UISupportedInterfaceOrientations_iPhone = "UIInterfaceOrientationPortrait UIInterfaceOrientationLandscapeLeft UIInterfaceOrientationLandscapeRight";
				LD_RUNPATH_SEARCH_PATHS = (
					"$(inherited)",
					"@executable_path/Frameworks",
				);
				MARKETING_VERSION = 1.0;
				PRODUCT_BUNDLE_IDENTIFIER = "ua.edu.ukma.zubrytska.ML-AR-FlowerRecognizer";
				PRODUCT_NAME = "$(TARGET_NAME)";
				SWIFT_EMIT_LOC_STRINGS = YES;
				SWIFT_VERSION = 5.0;
				TARGETED_DEVICE_FAMILY = "1,2";
			};
			name = Release;
		};
/* End XCBuildConfiguration section */

/* Begin XCConfigurationList section */
		048BF559286BB4A2007EB9A3 /* Build configuration list for PBXProject "ML_AR_FlowerRecognizer" */ = {
			isa = XCConfigurationList;
			buildConfigurations = (
				048BF570286BB4A4007EB9A3 /* Debug */,
				048BF571286BB4A4007EB9A3 /* Release */,
			);
			defaultConfigurationIsVisible = 0;
			defaultConfigurationName = Release;
		};
		048BF572286BB4A4007EB9A3 /* Build configuration list for PBXNativeTarget "ML_AR_FlowerRecognizer" */ = {
			isa = XCConfigurationList;
			buildConfigurations = (
				048BF573286BB4A4007EB9A3 /* Debug */,
				048BF574286BB4A4007EB9A3 /* Release */,
			);
			defaultConfigurationIsVisible = 0;
			defaultConfigurationName = Release;
		};
/* End XCConfigurationList section */
	};
	rootObject = 048BF556286BB4A2007EB9A3 /* Project object */;
}
